
Microsoft Visual Studio Solution File, Format Version 12.00
# Visual Studio Version 16
VisualStudioVersion = 16.0.31729.503
MinimumVisualStudioVersion = 10.0.40219.1
Project("{FAE04EC0-301F-11D3-BF4B-00C04F79EFBC}") = "Project 8.2", "Project 8.2\Project 8.2.csproj", "{22C0A720-B9BD-4123-862D-4CB666954794}"
EndProject
Global
	GlobalSection(SolutionConfigurationPlatforms) = preSolution
		Debug|Any CPU = Debug|Any CPU
		Release|Any CPU = Release|Any CPU
	EndGlobalSection
	GlobalSection(ProjectConfigurationPlatforms) = postSolution
		{22C0A720-B9BD-4123-862D-4CB666954794}.Debug|Any CPU.ActiveCfg = Debug|Any CPU
		{22C0A720-B9BD-4123-862D-4CB666954794}.Debug|Any CPU.Build.0 = Debug|Any CPU
		{22C0A720-B9BD-4123-862D-4CB666954794}.Release|Any CPU.ActiveCfg = Release|Any CPU
		{22C0A720-B9BD-4123-862D-4CB666954794}.Release|Any CPU.Build.0 = Release|Any CPU
	EndGlobalSection
	GlobalSection(SolutionProperties) = preSolution
		HideSolutionNode = FALSE
	EndGlobalSection
	GlobalSection(ExtensibilityGlobals) = postSolution
		SolutionGuid = {39B10A94-0489-4F68-9F01-18E64C2A528A}
	EndGlobalSection
EndGlobal
