
Microsoft Visual Studio Solution File, Format Version 12.00
# Visual Studio Version 16
VisualStudioVersion = 16.0.31105.61
MinimumVisualStudioVersion = 10.0.40219.1
Project("{FAE04EC0-301F-11D3-BF4B-00C04F79EFBC}") = "Project 8.3", "Project 8.3\Project 8.3.csproj", "{7646DE01-4B88-4548-8EDE-DE089220E533}"
EndProject
Global
	GlobalSection(SolutionConfigurationPlatforms) = preSolution
		Debug|Any CPU = Debug|Any CPU
		Release|Any CPU = Release|Any CPU
	EndGlobalSection
	GlobalSection(ProjectConfigurationPlatforms) = postSolution
		{7646DE01-4B88-4548-8EDE-DE089220E533}.Debug|Any CPU.ActiveCfg = Debug|Any CPU
		{7646DE01-4B88-4548-8EDE-DE089220E533}.Debug|Any CPU.Build.0 = Debug|Any CPU
		{7646DE01-4B88-4548-8EDE-DE089220E533}.Release|Any CPU.ActiveCfg = Release|Any CPU
		{7646DE01-4B88-4548-8EDE-DE089220E533}.Release|Any CPU.Build.0 = Release|Any CPU
	EndGlobalSection
	GlobalSection(SolutionProperties) = preSolution
		HideSolutionNode = FALSE
	EndGlobalSection
	GlobalSection(ExtensibilityGlobals) = postSolution
		SolutionGuid = {72B66B06-FA2E-46A9-8A40-3EC0B867EC90}
	EndGlobalSection
EndGlobal
