
Microsoft Visual Studio Solution File, Format Version 12.00
# Visual Studio Version 17
VisualStudioVersion = 17.1.32421.90
MinimumVisualStudioVersion = 10.0.40219.1
Project("{FAE04EC0-301F-11D3-BF4B-00C04F79EFBC}") = "Project8.2(ชุดที่7)", "Project8.2(ชุดที่7)\Project8.2(ชุดที่7).csproj", "{C5EC69DC-6D2D-4EC1-A520-1EA0E14E7A30}"
EndProject
Global
	GlobalSection(SolutionConfigurationPlatforms) = preSolution
		Debug|Any CPU = Debug|Any CPU
		Release|Any CPU = Release|Any CPU
	EndGlobalSection
	GlobalSection(ProjectConfigurationPlatforms) = postSolution
		{C5EC69DC-6D2D-4EC1-A520-1EA0E14E7A30}.Debug|Any CPU.ActiveCfg = Debug|Any CPU
		{C5EC69DC-6D2D-4EC1-A520-1EA0E14E7A30}.Debug|Any CPU.Build.0 = Debug|Any CPU
		{C5EC69DC-6D2D-4EC1-A520-1EA0E14E7A30}.Release|Any CPU.ActiveCfg = Release|Any CPU
		{C5EC69DC-6D2D-4EC1-A520-1EA0E14E7A30}.Release|Any CPU.Build.0 = Release|Any CPU
	EndGlobalSection
	GlobalSection(SolutionProperties) = preSolution
		HideSolutionNode = FALSE
	EndGlobalSection
	GlobalSection(ExtensibilityGlobals) = postSolution
		SolutionGuid = {3A0E3A4B-525E-4AEE-977E-3FABBB4DA3AA}
	EndGlobalSection
EndGlobal
