
Microsoft Visual Studio Solution File, Format Version 12.00
# Visual Studio Version 17
VisualStudioVersion = 17.0.32126.317
MinimumVisualStudioVersion = 10.0.40219.1
Project("{FAE04EC0-301F-11D3-BF4B-00C04F79EFBC}") = "project8.2", "project8.2\project8.2.csproj", "{962873DA-01C9-423C-AAEE-AFFB5F340CDD}"
EndProject
Global
	GlobalSection(SolutionConfigurationPlatforms) = preSolution
		Debug|Any CPU = Debug|Any CPU
		Release|Any CPU = Release|Any CPU
	EndGlobalSection
	GlobalSection(ProjectConfigurationPlatforms) = postSolution
		{962873DA-01C9-423C-AAEE-AFFB5F340CDD}.Debug|Any CPU.ActiveCfg = Debug|Any CPU
		{962873DA-01C9-423C-AAEE-AFFB5F340CDD}.Debug|Any CPU.Build.0 = Debug|Any CPU
		{962873DA-01C9-423C-AAEE-AFFB5F340CDD}.Release|Any CPU.ActiveCfg = Release|Any CPU
		{962873DA-01C9-423C-AAEE-AFFB5F340CDD}.Release|Any CPU.Build.0 = Release|Any CPU
	EndGlobalSection
	GlobalSection(SolutionProperties) = preSolution
		HideSolutionNode = FALSE
	EndGlobalSection
	GlobalSection(ExtensibilityGlobals) = postSolution
		SolutionGuid = {617D28B1-B90E-4868-85D2-D5910689A3AB}
	EndGlobalSection
EndGlobal
