
Microsoft Visual Studio Solution File, Format Version 12.00
# Visual Studio Version 17
VisualStudioVersion = 17.0.32112.339
MinimumVisualStudioVersion = 10.0.40219.1
Project("{FAE04EC0-301F-11D3-BF4B-00C04F79EFBC}") = "Project8.1", "Project8.1\Project8.1.csproj", "{9B7FC92E-1C6A-47B4-A41F-D783D3E96329}"
EndProject
Global
	GlobalSection(SolutionConfigurationPlatforms) = preSolution
		Debug|Any CPU = Debug|Any CPU
		Release|Any CPU = Release|Any CPU
	EndGlobalSection
	GlobalSection(ProjectConfigurationPlatforms) = postSolution
		{9B7FC92E-1C6A-47B4-A41F-D783D3E96329}.Debug|Any CPU.ActiveCfg = Debug|Any CPU
		{9B7FC92E-1C6A-47B4-A41F-D783D3E96329}.Debug|Any CPU.Build.0 = Debug|Any CPU
		{9B7FC92E-1C6A-47B4-A41F-D783D3E96329}.Release|Any CPU.ActiveCfg = Release|Any CPU
		{9B7FC92E-1C6A-47B4-A41F-D783D3E96329}.Release|Any CPU.Build.0 = Release|Any CPU
	EndGlobalSection
	GlobalSection(SolutionProperties) = preSolution
		HideSolutionNode = FALSE
	EndGlobalSection
	GlobalSection(ExtensibilityGlobals) = postSolution
		SolutionGuid = {3937CDB8-53F3-43F6-8C4F-1DE802CAA5BE}
	EndGlobalSection
EndGlobal
