
Microsoft Visual Studio Solution File, Format Version 12.00
# Visual Studio Version 16
VisualStudioVersion = 16.0.30225.117
MinimumVisualStudioVersion = 10.0.40219.1
Project("{FAE04EC0-301F-11D3-BF4B-00C04F79EFBC}") = "Project 8.2", "Project 8.2\Project 8.2.csproj", "{303916F5-A39F-43AB-99F7-450EDCE3A98C}"
EndProject
Global
	GlobalSection(SolutionConfigurationPlatforms) = preSolution
		Debug|Any CPU = Debug|Any CPU
		Release|Any CPU = Release|Any CPU
	EndGlobalSection
	GlobalSection(ProjectConfigurationPlatforms) = postSolution
		{303916F5-A39F-43AB-99F7-450EDCE3A98C}.Debug|Any CPU.ActiveCfg = Debug|Any CPU
		{303916F5-A39F-43AB-99F7-450EDCE3A98C}.Debug|Any CPU.Build.0 = Debug|Any CPU
		{303916F5-A39F-43AB-99F7-450EDCE3A98C}.Release|Any CPU.ActiveCfg = Release|Any CPU
		{303916F5-A39F-43AB-99F7-450EDCE3A98C}.Release|Any CPU.Build.0 = Release|Any CPU
	EndGlobalSection
	GlobalSection(SolutionProperties) = preSolution
		HideSolutionNode = FALSE
	EndGlobalSection
	GlobalSection(ExtensibilityGlobals) = postSolution
		SolutionGuid = {4C4D1009-B2C1-46CF-BD40-6503AE2B1BF3}
	EndGlobalSection
EndGlobal
