
Microsoft Visual Studio Solution File, Format Version 12.00
# Visual Studio Version 16
VisualStudioVersion = 16.0.31729.503
MinimumVisualStudioVersion = 10.0.40219.1
Project("{FAE04EC0-301F-11D3-BF4B-00C04F79EFBC}") = "PJ_8.2", "PJ_8.2\PJ_8.2.csproj", "{DFB914AE-4B14-4862-89FE-CCB842640A05}"
EndProject
Global
	GlobalSection(SolutionConfigurationPlatforms) = preSolution
		Debug|Any CPU = Debug|Any CPU
		Release|Any CPU = Release|Any CPU
	EndGlobalSection
	GlobalSection(ProjectConfigurationPlatforms) = postSolution
		{DFB914AE-4B14-4862-89FE-CCB842640A05}.Debug|Any CPU.ActiveCfg = Debug|Any CPU
		{DFB914AE-4B14-4862-89FE-CCB842640A05}.Debug|Any CPU.Build.0 = Debug|Any CPU
		{DFB914AE-4B14-4862-89FE-CCB842640A05}.Release|Any CPU.ActiveCfg = Release|Any CPU
		{DFB914AE-4B14-4862-89FE-CCB842640A05}.Release|Any CPU.Build.0 = Release|Any CPU
	EndGlobalSection
	GlobalSection(SolutionProperties) = preSolution
		HideSolutionNode = FALSE
	EndGlobalSection
	GlobalSection(ExtensibilityGlobals) = postSolution
		SolutionGuid = {E2111544-EBBF-4AB1-A0BF-FDB434991E5B}
	EndGlobalSection
EndGlobal
