
Microsoft Visual Studio Solution File, Format Version 12.00
# Visual Studio Version 17
VisualStudioVersion = 17.1.32421.90
MinimumVisualStudioVersion = 10.0.40219.1
Project("{FAE04EC0-301F-11D3-BF4B-00C04F79EFBC}") = "Project8.2(ชุดที่4)", "Project8.2(ชุดที่4)\Project8.2(ชุดที่4).csproj", "{557BC7AF-5412-4148-A284-BD1B670DF8DF}"
EndProject
Global
	GlobalSection(SolutionConfigurationPlatforms) = preSolution
		Debug|Any CPU = Debug|Any CPU
		Release|Any CPU = Release|Any CPU
	EndGlobalSection
	GlobalSection(ProjectConfigurationPlatforms) = postSolution
		{557BC7AF-5412-4148-A284-BD1B670DF8DF}.Debug|Any CPU.ActiveCfg = Debug|Any CPU
		{557BC7AF-5412-4148-A284-BD1B670DF8DF}.Debug|Any CPU.Build.0 = Debug|Any CPU
		{557BC7AF-5412-4148-A284-BD1B670DF8DF}.Release|Any CPU.ActiveCfg = Release|Any CPU
		{557BC7AF-5412-4148-A284-BD1B670DF8DF}.Release|Any CPU.Build.0 = Release|Any CPU
	EndGlobalSection
	GlobalSection(SolutionProperties) = preSolution
		HideSolutionNode = FALSE
	EndGlobalSection
	GlobalSection(ExtensibilityGlobals) = postSolution
		SolutionGuid = {F6D85351-B529-4600-B9A8-34B5D30EEE62}
	EndGlobalSection
EndGlobal
