
Microsoft Visual Studio Solution File, Format Version 12.00
# Visual Studio Version 16
VisualStudioVersion = 16.0.31129.286
MinimumVisualStudioVersion = 10.0.40219.1
Project("{FAE04EC0-301F-11D3-BF4B-00C04F79EFBC}") = "8.1", "8.1\8.1.csproj", "{CE608E48-2E69-417A-A315-855E6CDEDB3A}"
EndProject
Global
	GlobalSection(SolutionConfigurationPlatforms) = preSolution
		Debug|Any CPU = Debug|Any CPU
		Release|Any CPU = Release|Any CPU
	EndGlobalSection
	GlobalSection(ProjectConfigurationPlatforms) = postSolution
		{CE608E48-2E69-417A-A315-855E6CDEDB3A}.Debug|Any CPU.ActiveCfg = Debug|Any CPU
		{CE608E48-2E69-417A-A315-855E6CDEDB3A}.Debug|Any CPU.Build.0 = Debug|Any CPU
		{CE608E48-2E69-417A-A315-855E6CDEDB3A}.Release|Any CPU.ActiveCfg = Release|Any CPU
		{CE608E48-2E69-417A-A315-855E6CDEDB3A}.Release|Any CPU.Build.0 = Release|Any CPU
	EndGlobalSection
	GlobalSection(SolutionProperties) = preSolution
		HideSolutionNode = FALSE
	EndGlobalSection
	GlobalSection(ExtensibilityGlobals) = postSolution
		SolutionGuid = {59A6A1DF-CAAB-448C-8C4A-C82C508D0FC7}
	EndGlobalSection
EndGlobal
