
Microsoft Visual Studio Solution File, Format Version 12.00
# Visual Studio Version 16
VisualStudioVersion = 16.0.31729.503
MinimumVisualStudioVersion = 10.0.40219.1
Project("{FAE04EC0-301F-11D3-BF4B-00C04F79EFBC}") = "project_8.2", "project_8.2\project_8.2.csproj", "{3C24D476-13A7-4599-918E-AAC53565F33B}"
EndProject
Global
	GlobalSection(SolutionConfigurationPlatforms) = preSolution
		Debug|Any CPU = Debug|Any CPU
		Release|Any CPU = Release|Any CPU
	EndGlobalSection
	GlobalSection(ProjectConfigurationPlatforms) = postSolution
		{3C24D476-13A7-4599-918E-AAC53565F33B}.Debug|Any CPU.ActiveCfg = Debug|Any CPU
		{3C24D476-13A7-4599-918E-AAC53565F33B}.Debug|Any CPU.Build.0 = Debug|Any CPU
		{3C24D476-13A7-4599-918E-AAC53565F33B}.Release|Any CPU.ActiveCfg = Release|Any CPU
		{3C24D476-13A7-4599-918E-AAC53565F33B}.Release|Any CPU.Build.0 = Release|Any CPU
	EndGlobalSection
	GlobalSection(SolutionProperties) = preSolution
		HideSolutionNode = FALSE
	EndGlobalSection
	GlobalSection(ExtensibilityGlobals) = postSolution
		SolutionGuid = {7541F5A3-3E24-4EDC-AECD-FA02B2A13A12}
	EndGlobalSection
EndGlobal
