
Microsoft Visual Studio Solution File, Format Version 12.00
# Visual Studio Version 17
VisualStudioVersion = 17.0.32014.148
MinimumVisualStudioVersion = 10.0.40219.1
Project("{FAE04EC0-301F-11D3-BF4B-00C04F79EFBC}") = "Project 8.3", "Project 8.3.csproj", "{BD1A2C50-9E37-4218-A9D2-FEA60037822E}"
EndProject
Global
	GlobalSection(SolutionConfigurationPlatforms) = preSolution
		Debug|Any CPU = Debug|Any CPU
		Release|Any CPU = Release|Any CPU
	EndGlobalSection
	GlobalSection(ProjectConfigurationPlatforms) = postSolution
		{BD1A2C50-9E37-4218-A9D2-FEA60037822E}.Debug|Any CPU.ActiveCfg = Debug|Any CPU
		{BD1A2C50-9E37-4218-A9D2-FEA60037822E}.Debug|Any CPU.Build.0 = Debug|Any CPU
		{BD1A2C50-9E37-4218-A9D2-FEA60037822E}.Release|Any CPU.ActiveCfg = Release|Any CPU
		{BD1A2C50-9E37-4218-A9D2-FEA60037822E}.Release|Any CPU.Build.0 = Release|Any CPU
	EndGlobalSection
	GlobalSection(SolutionProperties) = preSolution
		HideSolutionNode = FALSE
	EndGlobalSection
	GlobalSection(ExtensibilityGlobals) = postSolution
		SolutionGuid = {F9BB0128-6F61-4E96-ABC0-79F565B1F1B6}
	EndGlobalSection
EndGlobal
