
Microsoft Visual Studio Solution File, Format Version 12.00
# Visual Studio Version 16
VisualStudioVersion = 16.0.31729.503
MinimumVisualStudioVersion = 10.0.40219.1
Project("{FAE04EC0-301F-11D3-BF4B-00C04F79EFBC}") = "8.1", "8.1\8.1.csproj", "{1FD04D17-1A40-42DD-8AD2-E3CC27C70D7D}"
EndProject
Global
	GlobalSection(SolutionConfigurationPlatforms) = preSolution
		Debug|Any CPU = Debug|Any CPU
		Release|Any CPU = Release|Any CPU
	EndGlobalSection
	GlobalSection(ProjectConfigurationPlatforms) = postSolution
		{1FD04D17-1A40-42DD-8AD2-E3CC27C70D7D}.Debug|Any CPU.ActiveCfg = Debug|Any CPU
		{1FD04D17-1A40-42DD-8AD2-E3CC27C70D7D}.Debug|Any CPU.Build.0 = Debug|Any CPU
		{1FD04D17-1A40-42DD-8AD2-E3CC27C70D7D}.Release|Any CPU.ActiveCfg = Release|Any CPU
		{1FD04D17-1A40-42DD-8AD2-E3CC27C70D7D}.Release|Any CPU.Build.0 = Release|Any CPU
	EndGlobalSection
	GlobalSection(SolutionProperties) = preSolution
		HideSolutionNode = FALSE
	EndGlobalSection
	GlobalSection(ExtensibilityGlobals) = postSolution
		SolutionGuid = {11D48867-8734-4423-8A14-ED94EAC052A8}
	EndGlobalSection
EndGlobal
