
Microsoft Visual Studio Solution File, Format Version 12.00
# Visual Studio Version 16
VisualStudioVersion = 16.0.32413.511
MinimumVisualStudioVersion = 10.0.40219.1
Project("{FAE04EC0-301F-11D3-BF4B-00C04F79EFBC}") = "Project 8.3", "Project 8.3\Project 8.3.csproj", "{BF8E3AE7-1055-4A7B-8685-96C7FDF784A0}"
EndProject
Global
	GlobalSection(SolutionConfigurationPlatforms) = preSolution
		Debug|Any CPU = Debug|Any CPU
		Release|Any CPU = Release|Any CPU
	EndGlobalSection
	GlobalSection(ProjectConfigurationPlatforms) = postSolution
		{BF8E3AE7-1055-4A7B-8685-96C7FDF784A0}.Debug|Any CPU.ActiveCfg = Debug|Any CPU
		{BF8E3AE7-1055-4A7B-8685-96C7FDF784A0}.Debug|Any CPU.Build.0 = Debug|Any CPU
		{BF8E3AE7-1055-4A7B-8685-96C7FDF784A0}.Release|Any CPU.ActiveCfg = Release|Any CPU
		{BF8E3AE7-1055-4A7B-8685-96C7FDF784A0}.Release|Any CPU.Build.0 = Release|Any CPU
	EndGlobalSection
	GlobalSection(SolutionProperties) = preSolution
		HideSolutionNode = FALSE
	EndGlobalSection
	GlobalSection(ExtensibilityGlobals) = postSolution
		SolutionGuid = {19248979-8B55-4B19-8356-D764327E2118}
	EndGlobalSection
EndGlobal
