
Microsoft Visual Studio Solution File, Format Version 12.00
# Visual Studio Version 16
VisualStudioVersion = 16.0.32228.343
MinimumVisualStudioVersion = 10.0.40219.1
Project("{FAE04EC0-301F-11D3-BF4B-00C04F79EFBC}") = "8.2", "8.2\8.2.csproj", "{2EF11207-DF89-4A7D-B9AF-E323FAD73A55}"
EndProject
Global
	GlobalSection(SolutionConfigurationPlatforms) = preSolution
		Debug|Any CPU = Debug|Any CPU
		Release|Any CPU = Release|Any CPU
	EndGlobalSection
	GlobalSection(ProjectConfigurationPlatforms) = postSolution
		{2EF11207-DF89-4A7D-B9AF-E323FAD73A55}.Debug|Any CPU.ActiveCfg = Debug|Any CPU
		{2EF11207-DF89-4A7D-B9AF-E323FAD73A55}.Debug|Any CPU.Build.0 = Debug|Any CPU
		{2EF11207-DF89-4A7D-B9AF-E323FAD73A55}.Release|Any CPU.ActiveCfg = Release|Any CPU
		{2EF11207-DF89-4A7D-B9AF-E323FAD73A55}.Release|Any CPU.Build.0 = Release|Any CPU
	EndGlobalSection
	GlobalSection(SolutionProperties) = preSolution
		HideSolutionNode = FALSE
	EndGlobalSection
	GlobalSection(ExtensibilityGlobals) = postSolution
		SolutionGuid = {857403FA-3EB6-4C02-9EB7-71F5F23903B9}
	EndGlobalSection
EndGlobal
