
Microsoft Visual Studio Solution File, Format Version 12.00
# Visual Studio Version 16
VisualStudioVersion = 16.0.30225.117
MinimumVisualStudioVersion = 10.0.40219.1
Project("{FAE04EC0-301F-11D3-BF4B-00C04F79EFBC}") = "Project8.2", "Project8.2\Project8.2.csproj", "{AC4F3D4A-94BD-4EA8-87C1-7FC95B38F926}"
EndProject
Global
	GlobalSection(SolutionConfigurationPlatforms) = preSolution
		Debug|Any CPU = Debug|Any CPU
		Release|Any CPU = Release|Any CPU
	EndGlobalSection
	GlobalSection(ProjectConfigurationPlatforms) = postSolution
		{AC4F3D4A-94BD-4EA8-87C1-7FC95B38F926}.Debug|Any CPU.ActiveCfg = Debug|Any CPU
		{AC4F3D4A-94BD-4EA8-87C1-7FC95B38F926}.Debug|Any CPU.Build.0 = Debug|Any CPU
		{AC4F3D4A-94BD-4EA8-87C1-7FC95B38F926}.Release|Any CPU.ActiveCfg = Release|Any CPU
		{AC4F3D4A-94BD-4EA8-87C1-7FC95B38F926}.Release|Any CPU.Build.0 = Release|Any CPU
	EndGlobalSection
	GlobalSection(SolutionProperties) = preSolution
		HideSolutionNode = FALSE
	EndGlobalSection
	GlobalSection(ExtensibilityGlobals) = postSolution
		SolutionGuid = {396149B1-5435-407A-999D-56A147A031CD}
	EndGlobalSection
EndGlobal
