
Microsoft Visual Studio Solution File, Format Version 12.00
# Visual Studio Version 16
VisualStudioVersion = 16.0.31729.503
MinimumVisualStudioVersion = 10.0.40219.1
Project("{FAE04EC0-301F-11D3-BF4B-00C04F79EFBC}") = "project 8.2", "project 8.2\project 8.2.csproj", "{BF8FD160-A745-42B0-A067-5E87B4D743B1}"
EndProject
Global
	GlobalSection(SolutionConfigurationPlatforms) = preSolution
		Debug|Any CPU = Debug|Any CPU
		Release|Any CPU = Release|Any CPU
	EndGlobalSection
	GlobalSection(ProjectConfigurationPlatforms) = postSolution
		{BF8FD160-A745-42B0-A067-5E87B4D743B1}.Debug|Any CPU.ActiveCfg = Debug|Any CPU
		{BF8FD160-A745-42B0-A067-5E87B4D743B1}.Debug|Any CPU.Build.0 = Debug|Any CPU
		{BF8FD160-A745-42B0-A067-5E87B4D743B1}.Release|Any CPU.ActiveCfg = Release|Any CPU
		{BF8FD160-A745-42B0-A067-5E87B4D743B1}.Release|Any CPU.Build.0 = Release|Any CPU
	EndGlobalSection
	GlobalSection(SolutionProperties) = preSolution
		HideSolutionNode = FALSE
	EndGlobalSection
	GlobalSection(ExtensibilityGlobals) = postSolution
		SolutionGuid = {84DAB53F-33E1-412E-A46C-6BCDC27FAC1C}
	EndGlobalSection
EndGlobal
