
Microsoft Visual Studio Solution File, Format Version 12.00
# Visual Studio Version 17
VisualStudioVersion = 17.1.32421.90
MinimumVisualStudioVersion = 10.0.40219.1
Project("{FAE04EC0-301F-11D3-BF4B-00C04F79EFBC}") = "Project 8.1", "Project 8.1\Project 8.1.csproj", "{91532E3C-F045-4915-9F4F-D4928D39283A}"
EndProject
Global
	GlobalSection(SolutionConfigurationPlatforms) = preSolution
		Debug|Any CPU = Debug|Any CPU
		Release|Any CPU = Release|Any CPU
	EndGlobalSection
	GlobalSection(ProjectConfigurationPlatforms) = postSolution
		{91532E3C-F045-4915-9F4F-D4928D39283A}.Debug|Any CPU.ActiveCfg = Debug|Any CPU
		{91532E3C-F045-4915-9F4F-D4928D39283A}.Debug|Any CPU.Build.0 = Debug|Any CPU
		{91532E3C-F045-4915-9F4F-D4928D39283A}.Release|Any CPU.ActiveCfg = Release|Any CPU
		{91532E3C-F045-4915-9F4F-D4928D39283A}.Release|Any CPU.Build.0 = Release|Any CPU
	EndGlobalSection
	GlobalSection(SolutionProperties) = preSolution
		HideSolutionNode = FALSE
	EndGlobalSection
	GlobalSection(ExtensibilityGlobals) = postSolution
		SolutionGuid = {63A28EA8-CAD3-44A6-8C3B-B62CC5428B7A}
	EndGlobalSection
EndGlobal
