
Microsoft Visual Studio Solution File, Format Version 12.00
# Visual Studio Version 16
VisualStudioVersion = 16.0.32002.261
MinimumVisualStudioVersion = 10.0.40219.1
Project("{FAE04EC0-301F-11D3-BF4B-00C04F79EFBC}") = "Project8.3", "Project8.3\Project8.3.csproj", "{D85190FC-A312-44A4-A34A-BA6F0DC71B93}"
EndProject
Global
	GlobalSection(SolutionConfigurationPlatforms) = preSolution
		Debug|Any CPU = Debug|Any CPU
		Release|Any CPU = Release|Any CPU
	EndGlobalSection
	GlobalSection(ProjectConfigurationPlatforms) = postSolution
		{D85190FC-A312-44A4-A34A-BA6F0DC71B93}.Debug|Any CPU.ActiveCfg = Debug|Any CPU
		{D85190FC-A312-44A4-A34A-BA6F0DC71B93}.Debug|Any CPU.Build.0 = Debug|Any CPU
		{D85190FC-A312-44A4-A34A-BA6F0DC71B93}.Release|Any CPU.ActiveCfg = Release|Any CPU
		{D85190FC-A312-44A4-A34A-BA6F0DC71B93}.Release|Any CPU.Build.0 = Release|Any CPU
	EndGlobalSection
	GlobalSection(SolutionProperties) = preSolution
		HideSolutionNode = FALSE
	EndGlobalSection
	GlobalSection(ExtensibilityGlobals) = postSolution
		SolutionGuid = {048894D1-65F8-4F69-A421-D8BAA4CBD692}
	EndGlobalSection
EndGlobal
