
Microsoft Visual Studio Solution File, Format Version 12.00
# Visual Studio Version 16
VisualStudioVersion = 16.0.31729.503
MinimumVisualStudioVersion = 10.0.40219.1
Project("{FAE04EC0-301F-11D3-BF4B-00C04F79EFBC}") = "project 8.3", "project 8.3\project 8.3.csproj", "{11ABF13B-85D6-41F2-8A3F-0E832CFA9DD9}"
EndProject
Global
	GlobalSection(SolutionConfigurationPlatforms) = preSolution
		Debug|Any CPU = Debug|Any CPU
		Release|Any CPU = Release|Any CPU
	EndGlobalSection
	GlobalSection(ProjectConfigurationPlatforms) = postSolution
		{11ABF13B-85D6-41F2-8A3F-0E832CFA9DD9}.Debug|Any CPU.ActiveCfg = Debug|Any CPU
		{11ABF13B-85D6-41F2-8A3F-0E832CFA9DD9}.Debug|Any CPU.Build.0 = Debug|Any CPU
		{11ABF13B-85D6-41F2-8A3F-0E832CFA9DD9}.Release|Any CPU.ActiveCfg = Release|Any CPU
		{11ABF13B-85D6-41F2-8A3F-0E832CFA9DD9}.Release|Any CPU.Build.0 = Release|Any CPU
	EndGlobalSection
	GlobalSection(SolutionProperties) = preSolution
		HideSolutionNode = FALSE
	EndGlobalSection
	GlobalSection(ExtensibilityGlobals) = postSolution
		SolutionGuid = {04DA7A18-F57A-43A8-8F7B-5CCC45E4B23F}
	EndGlobalSection
EndGlobal
