
Microsoft Visual Studio Solution File, Format Version 12.00
# Visual Studio Version 17
VisualStudioVersion = 17.1.32421.90
MinimumVisualStudioVersion = 10.0.40219.1
Project("{FAE04EC0-301F-11D3-BF4B-00C04F79EFBC}") = "Project8.2(ชุดที่6)", "Project8.2(ชุดที่6)\Project8.2(ชุดที่6).csproj", "{A701AB01-FE1C-492F-84A2-088D3AD58785}"
EndProject
Global
	GlobalSection(SolutionConfigurationPlatforms) = preSolution
		Debug|Any CPU = Debug|Any CPU
		Release|Any CPU = Release|Any CPU
	EndGlobalSection
	GlobalSection(ProjectConfigurationPlatforms) = postSolution
		{A701AB01-FE1C-492F-84A2-088D3AD58785}.Debug|Any CPU.ActiveCfg = Debug|Any CPU
		{A701AB01-FE1C-492F-84A2-088D3AD58785}.Debug|Any CPU.Build.0 = Debug|Any CPU
		{A701AB01-FE1C-492F-84A2-088D3AD58785}.Release|Any CPU.ActiveCfg = Release|Any CPU
		{A701AB01-FE1C-492F-84A2-088D3AD58785}.Release|Any CPU.Build.0 = Release|Any CPU
	EndGlobalSection
	GlobalSection(SolutionProperties) = preSolution
		HideSolutionNode = FALSE
	EndGlobalSection
	GlobalSection(ExtensibilityGlobals) = postSolution
		SolutionGuid = {173F1507-3351-4F26-A344-2D0C769C0A1B}
	EndGlobalSection
EndGlobal
