
Microsoft Visual Studio Solution File, Format Version 12.00
# Visual Studio Version 17
VisualStudioVersion = 17.0.31912.275
MinimumVisualStudioVersion = 10.0.40219.1
Project("{FAE04EC0-301F-11D3-BF4B-00C04F79EFBC}") = "ject_8.2", "ject_8.2\ject_8.2.csproj", "{4C61AECF-219F-4E56-A091-FCDE8C213C45}"
EndProject
Global
	GlobalSection(SolutionConfigurationPlatforms) = preSolution
		Debug|Any CPU = Debug|Any CPU
		Release|Any CPU = Release|Any CPU
	EndGlobalSection
	GlobalSection(ProjectConfigurationPlatforms) = postSolution
		{4C61AECF-219F-4E56-A091-FCDE8C213C45}.Debug|Any CPU.ActiveCfg = Debug|Any CPU
		{4C61AECF-219F-4E56-A091-FCDE8C213C45}.Debug|Any CPU.Build.0 = Debug|Any CPU
		{4C61AECF-219F-4E56-A091-FCDE8C213C45}.Release|Any CPU.ActiveCfg = Release|Any CPU
		{4C61AECF-219F-4E56-A091-FCDE8C213C45}.Release|Any CPU.Build.0 = Release|Any CPU
	EndGlobalSection
	GlobalSection(SolutionProperties) = preSolution
		HideSolutionNode = FALSE
	EndGlobalSection
	GlobalSection(ExtensibilityGlobals) = postSolution
		SolutionGuid = {0957321A-0218-423E-87C9-0391F752588B}
	EndGlobalSection
EndGlobal
