
Microsoft Visual Studio Solution File, Format Version 12.00
# Visual Studio Version 16
VisualStudioVersion = 16.0.31729.503
MinimumVisualStudioVersion = 10.0.40219.1
Project("{FAE04EC0-301F-11D3-BF4B-00C04F79EFBC}") = "Project 8.1", "Project 8.1\Project 8.1.csproj", "{2EF424D6-AE1C-484C-80A5-841999136897}"
EndProject
Global
	GlobalSection(SolutionConfigurationPlatforms) = preSolution
		Debug|Any CPU = Debug|Any CPU
		Release|Any CPU = Release|Any CPU
	EndGlobalSection
	GlobalSection(ProjectConfigurationPlatforms) = postSolution
		{2EF424D6-AE1C-484C-80A5-841999136897}.Debug|Any CPU.ActiveCfg = Debug|Any CPU
		{2EF424D6-AE1C-484C-80A5-841999136897}.Debug|Any CPU.Build.0 = Debug|Any CPU
		{2EF424D6-AE1C-484C-80A5-841999136897}.Release|Any CPU.ActiveCfg = Release|Any CPU
		{2EF424D6-AE1C-484C-80A5-841999136897}.Release|Any CPU.Build.0 = Release|Any CPU
	EndGlobalSection
	GlobalSection(SolutionProperties) = preSolution
		HideSolutionNode = FALSE
	EndGlobalSection
	GlobalSection(ExtensibilityGlobals) = postSolution
		SolutionGuid = {50A7418C-04E3-4234-ABC3-78211F6A6F41}
	EndGlobalSection
EndGlobal
