
Microsoft Visual Studio Solution File, Format Version 12.00
# Visual Studio Version 17
VisualStudioVersion = 17.1.32421.90
MinimumVisualStudioVersion = 10.0.40219.1
Project("{FAE04EC0-301F-11D3-BF4B-00C04F79EFBC}") = "Project 8.2(ชุดที่2)", "Project 8.2(ชุดที่2)\Project 8.2(ชุดที่2).csproj", "{F4A91C6D-329B-45C6-9542-00D916A5AF88}"
EndProject
Global
	GlobalSection(SolutionConfigurationPlatforms) = preSolution
		Debug|Any CPU = Debug|Any CPU
		Release|Any CPU = Release|Any CPU
	EndGlobalSection
	GlobalSection(ProjectConfigurationPlatforms) = postSolution
		{F4A91C6D-329B-45C6-9542-00D916A5AF88}.Debug|Any CPU.ActiveCfg = Debug|Any CPU
		{F4A91C6D-329B-45C6-9542-00D916A5AF88}.Debug|Any CPU.Build.0 = Debug|Any CPU
		{F4A91C6D-329B-45C6-9542-00D916A5AF88}.Release|Any CPU.ActiveCfg = Release|Any CPU
		{F4A91C6D-329B-45C6-9542-00D916A5AF88}.Release|Any CPU.Build.0 = Release|Any CPU
	EndGlobalSection
	GlobalSection(SolutionProperties) = preSolution
		HideSolutionNode = FALSE
	EndGlobalSection
	GlobalSection(ExtensibilityGlobals) = postSolution
		SolutionGuid = {CDCB6DB8-D53B-44CF-84A1-BD64F44A62D9}
	EndGlobalSection
EndGlobal
