
Microsoft Visual Studio Solution File, Format Version 12.00
# Visual Studio Version 17
VisualStudioVersion = 17.2.32505.173
MinimumVisualStudioVersion = 10.0.40219.1
Project("{FAE04EC0-301F-11D3-BF4B-00C04F79EFBC}") = "ject8.3", "ject8.3\ject8.3.csproj", "{0E4E176D-9E48-4EE8-A0B9-865AF5684048}"
EndProject
Global
	GlobalSection(SolutionConfigurationPlatforms) = preSolution
		Debug|Any CPU = Debug|Any CPU
		Release|Any CPU = Release|Any CPU
	EndGlobalSection
	GlobalSection(ProjectConfigurationPlatforms) = postSolution
		{0E4E176D-9E48-4EE8-A0B9-865AF5684048}.Debug|Any CPU.ActiveCfg = Debug|Any CPU
		{0E4E176D-9E48-4EE8-A0B9-865AF5684048}.Debug|Any CPU.Build.0 = Debug|Any CPU
		{0E4E176D-9E48-4EE8-A0B9-865AF5684048}.Release|Any CPU.ActiveCfg = Release|Any CPU
		{0E4E176D-9E48-4EE8-A0B9-865AF5684048}.Release|Any CPU.Build.0 = Release|Any CPU
	EndGlobalSection
	GlobalSection(SolutionProperties) = preSolution
		HideSolutionNode = FALSE
	EndGlobalSection
	GlobalSection(ExtensibilityGlobals) = postSolution
		SolutionGuid = {AF21E564-1B18-4B18-9ABE-2E9EDB21B400}
	EndGlobalSection
EndGlobal
